
Microsoft Visual Studio Solution File, Format Version 12.00
# Visual Studio Version 17
VisualStudioVersion = 17.1.32210.238
MinimumVisualStudioVersion = 10.0.40219.1
Project("{FAE04EC0-301F-11D3-BF4B-00C04F79EFBC}") = "Snake-Ladder", "Snake-Ladder\Snake-Ladder.csproj", "{3FAD958F-DC23-4B62-9638-4866E389CFBE}"
EndProject
Global
	GlobalSection(SolutionConfigurationPlatforms) = preSolution
		Debug|Any CPU = Debug|Any CPU
		Release|Any CPU = Release|Any CPU
	EndGlobalSection
	GlobalSection(ProjectConfigurationPlatforms) = postSolution
		{3FAD958F-DC23-4B62-9638-4866E389CFBE}.Debug|Any CPU.ActiveCfg = Debug|Any CPU
		{3FAD958F-DC23-4B62-9638-4866E389CFBE}.Debug|Any CPU.Build.0 = Debug|Any CPU
		{3FAD958F-DC23-4B62-9638-4866E389CFBE}.Release|Any CPU.ActiveCfg = Release|Any CPU
		{3FAD958F-DC23-4B62-9638-4866E389CFBE}.Release|Any CPU.Build.0 = Release|Any CPU
	EndGlobalSection
	GlobalSection(SolutionProperties) = preSolution
		HideSolutionNode = FALSE
	EndGlobalSection
	GlobalSection(ExtensibilityGlobals) = postSolution
		SolutionGuid = {6C1FF061-D4A8-4CBB-925A-DDD0DC1186F1}
	EndGlobalSection
EndGlobal
